
Microsoft Visual Studio Solution File, Format Version 12.00
# Visual Studio Version 17
VisualStudioVersion = 17.13.35828.75 d17.13
MinimumVisualStudioVersion = 10.0.40219.1
Project("{FAE04EC0-301F-11D3-BF4B-00C04F79EFBC}") = "ConditionalStatements", "ConditionalStatements\ConditionalStatements.csproj", "{8694BDF0-B05B-48CD-88B9-89D2E1D5AC5A}"
EndProject
Global
	GlobalSection(SolutionConfigurationPlatforms) = preSolution
		Debug|Any CPU = Debug|Any CPU
		Release|Any CPU = Release|Any CPU
	EndGlobalSection
	GlobalSection(ProjectConfigurationPlatforms) = postSolution
		{8694BDF0-B05B-48CD-88B9-89D2E1D5AC5A}.Debug|Any CPU.ActiveCfg = Debug|Any CPU
		{8694BDF0-B05B-48CD-88B9-89D2E1D5AC5A}.Debug|Any CPU.Build.0 = Debug|Any CPU
		{8694BDF0-B05B-48CD-88B9-89D2E1D5AC5A}.Release|Any CPU.ActiveCfg = Release|Any CPU
		{8694BDF0-B05B-48CD-88B9-89D2E1D5AC5A}.Release|Any CPU.Build.0 = Release|Any CPU
	EndGlobalSection
	GlobalSection(SolutionProperties) = preSolution
		HideSolutionNode = FALSE
	EndGlobalSection
	GlobalSection(ExtensibilityGlobals) = postSolution
		SolutionGuid = {0AE6CF01-AE22-4F5F-8E51-E8B37F90A549}
	EndGlobalSection
EndGlobal
